
Microsoft Visual Studio Solution File, Format Version 12.00
# Visual Studio Version 17
VisualStudioVersion = 17.14.36518.9
MinimumVisualStudioVersion = 10.0.40219.1
Project("{FAE04EC0-301F-11D3-BF4B-00C04F79EFBC}") = "StockPriceApp_xUnit", "StockPriceApp_xUnit\StockPriceApp_xUnit.csproj", "{388F24E3-AFD9-4C0D-A2EC-8389850494FD}"
EndProject
Project("{FAE04EC0-301F-11D3-BF4B-00C04F79EFBC}") = "Entities", "Entities\Entities.csproj", "{95DE3BD9-A587-35A9-17E0-3C34D2A57441}"
EndProject
Project("{FAE04EC0-301F-11D3-BF4B-00C04F79EFBC}") = "ServiceContracts", "ServiceContracts\ServiceContracts.csproj", "{FE6144F2-3E11-473E-A412-DDC364890458}"
EndProject
Project("{FAE04EC0-301F-11D3-BF4B-00C04F79EFBC}") = "Services", "Service\Services.csproj", "{02B79BC5-153E-2FD9-CAE3-8149E0D9044F}"
EndProject
Project("{FAE04EC0-301F-11D3-BF4B-00C04F79EFBC}") = "Test", "Test\Test.csproj", "{AB2F4C7F-BC97-4BFE-9838-D5152C12EB25}"
EndProject
Global
	GlobalSection(SolutionConfigurationPlatforms) = preSolution
		Debug|Any CPU = Debug|Any CPU
		Release|Any CPU = Release|Any CPU
	EndGlobalSection
	GlobalSection(ProjectConfigurationPlatforms) = postSolution
		{388F24E3-AFD9-4C0D-A2EC-8389850494FD}.Debug|Any CPU.ActiveCfg = Debug|Any CPU
		{388F24E3-AFD9-4C0D-A2EC-8389850494FD}.Debug|Any CPU.Build.0 = Debug|Any CPU
		{388F24E3-AFD9-4C0D-A2EC-8389850494FD}.Release|Any CPU.ActiveCfg = Release|Any CPU
		{388F24E3-AFD9-4C0D-A2EC-8389850494FD}.Release|Any CPU.Build.0 = Release|Any CPU
		{95DE3BD9-A587-35A9-17E0-3C34D2A57441}.Debug|Any CPU.ActiveCfg = Debug|Any CPU
		{95DE3BD9-A587-35A9-17E0-3C34D2A57441}.Debug|Any CPU.Build.0 = Debug|Any CPU
		{95DE3BD9-A587-35A9-17E0-3C34D2A57441}.Release|Any CPU.ActiveCfg = Release|Any CPU
		{95DE3BD9-A587-35A9-17E0-3C34D2A57441}.Release|Any CPU.Build.0 = Release|Any CPU
		{FE6144F2-3E11-473E-A412-DDC364890458}.Debug|Any CPU.ActiveCfg = Debug|Any CPU
		{FE6144F2-3E11-473E-A412-DDC364890458}.Debug|Any CPU.Build.0 = Debug|Any CPU
		{FE6144F2-3E11-473E-A412-DDC364890458}.Release|Any CPU.ActiveCfg = Release|Any CPU
		{FE6144F2-3E11-473E-A412-DDC364890458}.Release|Any CPU.Build.0 = Release|Any CPU
		{02B79BC5-153E-2FD9-CAE3-8149E0D9044F}.Debug|Any CPU.ActiveCfg = Debug|Any CPU
		{02B79BC5-153E-2FD9-CAE3-8149E0D9044F}.Debug|Any CPU.Build.0 = Debug|Any CPU
		{02B79BC5-153E-2FD9-CAE3-8149E0D9044F}.Release|Any CPU.ActiveCfg = Release|Any CPU
		{02B79BC5-153E-2FD9-CAE3-8149E0D9044F}.Release|Any CPU.Build.0 = Release|Any CPU
		{AB2F4C7F-BC97-4BFE-9838-D5152C12EB25}.Debug|Any CPU.ActiveCfg = Debug|Any CPU
		{AB2F4C7F-BC97-4BFE-9838-D5152C12EB25}.Debug|Any CPU.Build.0 = Debug|Any CPU
		{AB2F4C7F-BC97-4BFE-9838-D5152C12EB25}.Release|Any CPU.ActiveCfg = Release|Any CPU
		{AB2F4C7F-BC97-4BFE-9838-D5152C12EB25}.Release|Any CPU.Build.0 = Release|Any CPU
	EndGlobalSection
	GlobalSection(SolutionProperties) = preSolution
		HideSolutionNode = FALSE
	EndGlobalSection
	GlobalSection(ExtensibilityGlobals) = postSolution
		SolutionGuid = {9B37052B-A4E7-451F-ADAD-8DCDD3920F7A}
	EndGlobalSection
EndGlobal
